
Microsoft Visual Studio Solution File, Format Version 12.00
# Visual Studio Version 16
VisualStudioVersion = 16.0.31702.278
MinimumVisualStudioVersion = 10.0.40219.1
Project("{FAE04EC0-301F-11D3-BF4B-00C04F79EFBC}") = "BooksAndMovies.WebUI", "BooksAndMovies.WebUI\BooksAndMovies.WebUI.csproj", "{3937F941-385D-4446-B96B-5742FF8B227C}"
EndProject
Global
	GlobalSection(SolutionConfigurationPlatforms) = preSolution
		Debug|Any CPU = Debug|Any CPU
		Release|Any CPU = Release|Any CPU
	EndGlobalSection
	GlobalSection(ProjectConfigurationPlatforms) = postSolution
		{3937F941-385D-4446-B96B-5742FF8B227C}.Debug|Any CPU.ActiveCfg = Debug|Any CPU
		{3937F941-385D-4446-B96B-5742FF8B227C}.Debug|Any CPU.Build.0 = Debug|Any CPU
		{3937F941-385D-4446-B96B-5742FF8B227C}.Release|Any CPU.ActiveCfg = Release|Any CPU
		{3937F941-385D-4446-B96B-5742FF8B227C}.Release|Any CPU.Build.0 = Release|Any CPU
	EndGlobalSection
	GlobalSection(SolutionProperties) = preSolution
		HideSolutionNode = FALSE
	EndGlobalSection
	GlobalSection(ExtensibilityGlobals) = postSolution
		SolutionGuid = {BC98E8AC-9468-45E0-BD91-A1E67233F191}
	EndGlobalSection
EndGlobal
